Microsoft Visual Studio Solution File, Format Version 12.00
# Visual Studio 2012
Project("{FAE04EC0-301F-11D3-BF4B-00C04F79EFBC}") = "Economic", "Economic.csproj", "{FF710781-69D2-4625-984A-05AA5A8A427D}"
EndProject
Global
	GlobalSection(SolutionConfigurationPlatforms) = preSolution
	Debug|Any CPU = Debug|Any CPU
	ExportDebug|Any CPU = ExportDebug|Any CPU
	ExportRelease|Any CPU = ExportRelease|Any CPU
	EndGlobalSection
	GlobalSection(ProjectConfigurationPlatforms) = postSolution
		{FF710781-69D2-4625-984A-05AA5A8A427D}.Debug|Any CPU.ActiveCfg = Debug|Any CPU
		{FF710781-69D2-4625-984A-05AA5A8A427D}.Debug|Any CPU.Build.0 = Debug|Any CPU
		{FF710781-69D2-4625-984A-05AA5A8A427D}.ExportDebug|Any CPU.ActiveCfg = ExportDebug|Any CPU
		{FF710781-69D2-4625-984A-05AA5A8A427D}.ExportDebug|Any CPU.Build.0 = ExportDebug|Any CPU
		{FF710781-69D2-4625-984A-05AA5A8A427D}.ExportRelease|Any CPU.ActiveCfg = ExportRelease|Any CPU
		{FF710781-69D2-4625-984A-05AA5A8A427D}.ExportRelease|Any CPU.Build.0 = ExportRelease|Any CPU
	EndGlobalSection
EndGlobal
